{
  "lockfileVersion": 1,
  "configVersion": 1,
  "workspaces": {
    "": {
      "name": "puttszisms",
      "dependencies": {
        "hono": "^4.7.0",
      },
      "devDependencies": {
        "@cloudflare/workers-types": "^4.20250224.0",
      },
    },
  },
  "packages": {
    "@cloudflare/workers-types": ["@cloudflare/workers-types@4.20260305.1", "", {}, "sha512-835BZaIcgjuYIUqgOWJSpwQxFSJ8g/X1OCZFLO7bmirM6TGmVgIGwiGItBgkjUXXCPrYzJEldsJkuFuK7ePuMw=="],

    "hono": ["hono@4.12.5", "", {}, "sha512-3qq+FUBtlTHhtYxbxheZgY8NIFnkkC/MR8u5TTsr7YZ3wixryQ3cCwn3iZbg8p8B88iDBBAYSfZDS75t8MN7Vg=="],
  }
}
