{
  "lockfileVersion": 1,
  "configVersion": 1,
  "workspaces": {
    "": {
      "name": "puttszisms",
      "dependencies": {
        "hono": "^4.7.0",
      },
      "devDependencies": {
        "@cloudflare/workers-types": "^5.0.0",
      },
    },
  },
  "packages": {
    "@cloudflare/workers-types": ["@cloudflare/workers-types@5.20260906.1", "", {}, "sha512-mRKC5n+9OP7tZiOu7vMv2MZ+Arh3tX4b9gVAt43WFns83LNzWchhfRs9o2IkFCnYKovHo4m4Af1P4zPQWdLx0g=="],

    "hono": ["hono@4.12.5", "", {}, "sha512-3qq+FUBtlTHhtYxbxheZgY8NIFnkkC/MR8u5TTsr7YZ3wixryQ3cCwn3iZbg8p8B88iDBBAYSfZDS75t8MN7Vg=="],
  }
}
