{
  "lockfileVersion": 1,
  "configVersion": 1,
  "workspaces": {
    "": {
      "name": "puttszisms",
      "dependencies": {
        "hono": "^4.7.0",
      },
      "devDependencies": {
        "@cloudflare/workers-types": "^5.0.0",
      },
    },
  },
  "packages": {
    "@cloudflare/workers-types": ["@cloudflare/workers-types@5.20260911.1", "", {}, "sha512-yiAvknjulcU85B3yB4aKOn9+l+garWP+AbHgsdCFckeRYDdhZ1rPULi64BDf52R3VTaKqxi47kF+o9ZbjsCt5g=="],

    "hono": ["hono@4.12.5", "", {}, "sha512-3qq+FUBtlTHhtYxbxheZgY8NIFnkkC/MR8u5TTsr7YZ3wixryQ3cCwn3iZbg8p8B88iDBBAYSfZDS75t8MN7Vg=="],
  }
}
